lockfile_version: '1'
generated_at: '2026-06-13T05:28:20.075927+00:00'
apm_version: 0.12.1
dependencies:
- repo_url: obra/superpowers
  host: github.com
  resolved_commit: f2cbfbefebbfef77321e4c9abc9e949826bea9d7
  resolved_ref: f2cbfbefebbfef77321e4c9abc9e949826bea9d7
  package_type: marketplace_plugin
  deployed_files:
  - .claude/skills/brainstorming
  - .claude/skills/dispatching-parallel-agents
  - .claude/skills/executing-plans
  - .claude/skills/finishing-a-development-branch
  - .claude/skills/receiving-code-review
  - .claude/skills/requesting-code-review
  - .claude/skills/subagent-driven-development
  - .claude/skills/systematic-debugging
  - .claude/skills/test-driven-development
  - .claude/skills/using-git-worktrees
  - .claude/skills/using-superpowers
  - .claude/skills/verification-before-completion
  - .claude/skills/writing-plans
  - .claude/skills/writing-skills
  content_hash: sha256:fb4f87bfef928a6d68f5d5aaa29e3eba011961c5f03bbf171c3c348d8d161abb
- repo_url: tvna/clairvoyance
  host: github.com
  resolved_commit: 4f1ff6d449e285da3ae25ad65183d3ee46e23463
  resolved_ref: 4f1ff6d449e285da3ae25ad65183d3ee46e23463
  package_type: marketplace_plugin
  deployed_files:
  - .claude/skills/adaptive-coaching
  - .claude/skills/architecture-tradeoff
  - .claude/skills/clairvoyance
  - .claude/skills/decision-coaching
  - .claude/skills/human-harness
  - .claude/skills/review-verdict
  - .claude/skills/session-handoff
  - .claude/skills/using-clairvoyance
  content_hash: sha256:30a62edc2f68ed6d2bad009d7a195646f022edd9ecdadc4d698fd9b5bcbf44fa
