lockfile_version: '1'
generated_at: '2026-06-30T03:24:45.421058+00:00'
apm_version: 0.12.1
dependencies:
- repo_url: obra/superpowers
  host: github.com
  resolved_commit: f2cbfbefebbfef77321e4c9abc9e949826bea9d7
  resolved_ref: f2cbfbefebbfef77321e4c9abc9e949826bea9d7
  package_type: marketplace_plugin
  deployed_files:
  - .claude/skills/brainstorming
  - .claude/skills/dispatching-parallel-agents
  - .claude/skills/executing-plans
  - .claude/skills/finishing-a-development-branch
  - .claude/skills/receiving-code-review
  - .claude/skills/requesting-code-review
  - .claude/skills/subagent-driven-development
  - .claude/skills/systematic-debugging
  - .claude/skills/test-driven-development
  - .claude/skills/using-git-worktrees
  - .claude/skills/using-superpowers
  - .claude/skills/verification-before-completion
  - .claude/skills/writing-plans
  - .claude/skills/writing-skills
  content_hash: sha256:fb4f87bfef928a6d68f5d5aaa29e3eba011961c5f03bbf171c3c348d8d161abb
- repo_url: tvna/clairvoyance
  host: github.com
  resolved_commit: 4f1ff6d449e285da3ae25ad65183d3ee46e23463
  resolved_ref: 4f1ff6d449e285da3ae25ad65183d3ee46e23463
  package_type: marketplace_plugin
  content_hash: sha256:293a698d1f160388f3a75c5adb69b32970a5b45fc1f4b1daea52be6b90702812
